
Microsoft Visual Studio Solution File, Format Version 12.00
# Visual Studio 14
VisualStudioVersion = 14.0.25420.1
MinimumVisualStudioVersion = 10.0.40219.1
Project("{FAE04EC0-301F-11D3-BF4B-00C04F79EFBC}") = "ProjectEuler", "ProjectEuler\ProjectEuler.csproj", "{FF079000-31E8-4EA3-8F95-62D3DD84E6EB}"
EndProject
Project("{FAE04EC0-301F-11D3-BF4B-00C04F79EFBC}") = "01-MultiplesThreeFive", "MultiplesThreeFive\01-MultiplesThreeFive.csproj", "{3AD6A808-CFBA-4D00-9810-63EF6D7F18DF}"
EndProject
Project("{FAE04EC0-301F-11D3-BF4B-00C04F79EFBC}") = "02-EvenFibonacci", "02-EvenFibonacci\02-EvenFibonacci.csproj", "{37E078E7-267F-4790-8B9F-426E745AFB38}"
EndProject
Project("{FAE04EC0-301F-11D3-BF4B-00C04F79EFBC}") = "03-LargestPrimeFactor", "03-LargestPrimeFactor\03-LargestPrimeFactor.csproj", "{F5861D36-A8CE-422B-98FA-BBBE00D411E8}"
EndProject
Project("{FAE04EC0-301F-11D3-BF4B-00C04F79EFBC}") = "04-LargestPalindromeProduct", "04-LargestPalindromeProduct\04-LargestPalindromeProduct.csproj", "{849E53F3-02FE-475D-8FA7-17E4B572DF1E}"
EndProject
Project("{FAE04EC0-301F-11D3-BF4B-00C04F79EFBC}") = "05-SmallestMultiple", "05-SmallestMultiple\05-SmallestMultiple.csproj", "{F89EDC6F-2C45-4A6C-8530-1B842A3344AA}"
EndProject
Project("{FAE04EC0-301F-11D3-BF4B-00C04F79EFBC}") = "14-LongestCollatzSequence", "14-LongestCollatzSequence\14-LongestCollatzSequence.csproj", "{9EB1F886-4D79-4F3A-B219-3BA0D4F5B552}"
EndProject
Project("{FAE04EC0-301F-11D3-BF4B-00C04F79EFBC}") = "15-LatticePaths", "15-LatticePaths\15-LatticePaths.csproj", "{AB608087-F33F-413C-8A72-5676C60F07F7}"
EndProject
Project("{FAE04EC0-301F-11D3-BF4B-00C04F79EFBC}") = "16-PowerDigitSum", "16-PowerDigitSum\16-PowerDigitSum.csproj", "{DD55121E-9663-4371-A5C0-864BDD27E5D6}"
EndProject
Project("{FAE04EC0-301F-11D3-BF4B-00C04F79EFBC}") = "17-NumberLetterCounts", "17-NumberLetterCounts\17-NumberLetterCounts.csproj", "{0FF2E804-6FC5-41AA-B4A0-2C1BB5A2E04A}"
EndProject
Project("{FAE04EC0-301F-11D3-BF4B-00C04F79EFBC}") = "06-SumSquareDifference", "06-SumSquareDifference\06-SumSquareDifference.csproj", "{1C02FBEA-4481-42C1-AD74-EF9A9A9C533E}"
EndProject
Project("{FAE04EC0-301F-11D3-BF4B-00C04F79EFBC}") = "07-10001stPrime", "07-10001stPrime\07-10001stPrime.csproj", "{94832CE4-DBA5-4E99-AAD8-FEC6506E6E10}"
EndProject
Project("{FAE04EC0-301F-11D3-BF4B-00C04F79EFBC}") = "10-SummationOfPrimes", "10-SummationOfPrimes\10-SummationOfPrimes.csproj", "{6536FD7F-BF43-4BEA-83EE-3DB543E14DC2}"
EndProject
Project("{FAE04EC0-301F-11D3-BF4B-00C04F79EFBC}") = "12-HighlyDivisibleTriangularNumber", "12-HighlyDivisibleTriangularNumber\12-HighlyDivisibleTriangularNumber.csproj", "{3B1C9C01-3C63-4FD7-91E7-AD9FCE656060}"
EndProject
Global
	GlobalSection(SolutionConfigurationPlatforms) = preSolution
		Debug|Any CPU = Debug|Any CPU
		Release|Any CPU = Release|Any CPU
	EndGlobalSection
	GlobalSection(ProjectConfigurationPlatforms) = postSolution
		{FF079000-31E8-4EA3-8F95-62D3DD84E6EB}.Debug|Any CPU.ActiveCfg = Debug|Any CPU
		{FF079000-31E8-4EA3-8F95-62D3DD84E6EB}.Debug|Any CPU.Build.0 = Debug|Any CPU
		{FF079000-31E8-4EA3-8F95-62D3DD84E6EB}.Release|Any CPU.ActiveCfg = Release|Any CPU
		{FF079000-31E8-4EA3-8F95-62D3DD84E6EB}.Release|Any CPU.Build.0 = Release|Any CPU
		{3AD6A808-CFBA-4D00-9810-63EF6D7F18DF}.Debug|Any CPU.ActiveCfg = Debug|Any CPU
		{3AD6A808-CFBA-4D00-9810-63EF6D7F18DF}.Debug|Any CPU.Build.0 = Debug|Any CPU
		{3AD6A808-CFBA-4D00-9810-63EF6D7F18DF}.Release|Any CPU.ActiveCfg = Release|Any CPU
		{3AD6A808-CFBA-4D00-9810-63EF6D7F18DF}.Release|Any CPU.Build.0 = Release|Any CPU
		{37E078E7-267F-4790-8B9F-426E745AFB38}.Debug|Any CPU.ActiveCfg = Debug|Any CPU
		{37E078E7-267F-4790-8B9F-426E745AFB38}.Debug|Any CPU.Build.0 = Debug|Any CPU
		{37E078E7-267F-4790-8B9F-426E745AFB38}.Release|Any CPU.ActiveCfg = Release|Any CPU
		{37E078E7-267F-4790-8B9F-426E745AFB38}.Release|Any CPU.Build.0 = Release|Any CPU
		{F5861D36-A8CE-422B-98FA-BBBE00D411E8}.Debug|Any CPU.ActiveCfg = Debug|Any CPU
		{F5861D36-A8CE-422B-98FA-BBBE00D411E8}.Debug|Any CPU.Build.0 = Debug|Any CPU
		{F5861D36-A8CE-422B-98FA-BBBE00D411E8}.Release|Any CPU.ActiveCfg = Release|Any CPU
		{F5861D36-A8CE-422B-98FA-BBBE00D411E8}.Release|Any CPU.Build.0 = Release|Any CPU
		{849E53F3-02FE-475D-8FA7-17E4B572DF1E}.Debug|Any CPU.ActiveCfg = Debug|Any CPU
		{849E53F3-02FE-475D-8FA7-17E4B572DF1E}.Debug|Any CPU.Build.0 = Debug|Any CPU
		{849E53F3-02FE-475D-8FA7-17E4B572DF1E}.Release|Any CPU.ActiveCfg = Release|Any CPU
		{849E53F3-02FE-475D-8FA7-17E4B572DF1E}.Release|Any CPU.Build.0 = Release|Any CPU
		{F89EDC6F-2C45-4A6C-8530-1B842A3344AA}.Debug|Any CPU.ActiveCfg = Debug|Any CPU
		{F89EDC6F-2C45-4A6C-8530-1B842A3344AA}.Debug|Any CPU.Build.0 = Debug|Any CPU
		{F89EDC6F-2C45-4A6C-8530-1B842A3344AA}.Release|Any CPU.ActiveCfg = Release|Any CPU
		{F89EDC6F-2C45-4A6C-8530-1B842A3344AA}.Release|Any CPU.Build.0 = Release|Any CPU
		{9EB1F886-4D79-4F3A-B219-3BA0D4F5B552}.Debug|Any CPU.ActiveCfg = Debug|Any CPU
		{9EB1F886-4D79-4F3A-B219-3BA0D4F5B552}.Debug|Any CPU.Build.0 = Debug|Any CPU
		{9EB1F886-4D79-4F3A-B219-3BA0D4F5B552}.Release|Any CPU.ActiveCfg = Release|Any CPU
		{9EB1F886-4D79-4F3A-B219-3BA0D4F5B552}.Release|Any CPU.Build.0 = Release|Any CPU
		{AB608087-F33F-413C-8A72-5676C60F07F7}.Debug|Any CPU.ActiveCfg = Debug|Any CPU
		{AB608087-F33F-413C-8A72-5676C60F07F7}.Debug|Any CPU.Build.0 = Debug|Any CPU
		{AB608087-F33F-413C-8A72-5676C60F07F7}.Release|Any CPU.ActiveCfg = Release|Any CPU
		{AB608087-F33F-413C-8A72-5676C60F07F7}.Release|Any CPU.Build.0 = Release|Any CPU
		{DD55121E-9663-4371-A5C0-864BDD27E5D6}.Debug|Any CPU.ActiveCfg = Debug|Any CPU
		{DD55121E-9663-4371-A5C0-864BDD27E5D6}.Debug|Any CPU.Build.0 = Debug|Any CPU
		{DD55121E-9663-4371-A5C0-864BDD27E5D6}.Release|Any CPU.ActiveCfg = Release|Any CPU
		{DD55121E-9663-4371-A5C0-864BDD27E5D6}.Release|Any CPU.Build.0 = Release|Any CPU
		{0FF2E804-6FC5-41AA-B4A0-2C1BB5A2E04A}.Debug|Any CPU.ActiveCfg = Debug|Any CPU
		{0FF2E804-6FC5-41AA-B4A0-2C1BB5A2E04A}.Debug|Any CPU.Build.0 = Debug|Any CPU
		{0FF2E804-6FC5-41AA-B4A0-2C1BB5A2E04A}.Release|Any CPU.ActiveCfg = Release|Any CPU
		{0FF2E804-6FC5-41AA-B4A0-2C1BB5A2E04A}.Release|Any CPU.Build.0 = Release|Any CPU
		{1C02FBEA-4481-42C1-AD74-EF9A9A9C533E}.Debug|Any CPU.ActiveCfg = Debug|Any CPU
		{1C02FBEA-4481-42C1-AD74-EF9A9A9C533E}.Debug|Any CPU.Build.0 = Debug|Any CPU
		{1C02FBEA-4481-42C1-AD74-EF9A9A9C533E}.Release|Any CPU.ActiveCfg = Release|Any CPU
		{1C02FBEA-4481-42C1-AD74-EF9A9A9C533E}.Release|Any CPU.Build.0 = Release|Any CPU
		{94832CE4-DBA5-4E99-AAD8-FEC6506E6E10}.Debug|Any CPU.ActiveCfg = Debug|Any CPU
		{94832CE4-DBA5-4E99-AAD8-FEC6506E6E10}.Debug|Any CPU.Build.0 = Debug|Any CPU
		{94832CE4-DBA5-4E99-AAD8-FEC6506E6E10}.Release|Any CPU.ActiveCfg = Release|Any CPU
		{94832CE4-DBA5-4E99-AAD8-FEC6506E6E10}.Release|Any CPU.Build.0 = Release|Any CPU
		{6536FD7F-BF43-4BEA-83EE-3DB543E14DC2}.Debug|Any CPU.ActiveCfg = Debug|Any CPU
		{6536FD7F-BF43-4BEA-83EE-3DB543E14DC2}.Debug|Any CPU.Build.0 = Debug|Any CPU
		{6536FD7F-BF43-4BEA-83EE-3DB543E14DC2}.Release|Any CPU.ActiveCfg = Release|Any CPU
		{6536FD7F-BF43-4BEA-83EE-3DB543E14DC2}.Release|Any CPU.Build.0 = Release|Any CPU
		{3B1C9C01-3C63-4FD7-91E7-AD9FCE656060}.Debug|Any CPU.ActiveCfg = Debug|Any CPU
		{3B1C9C01-3C63-4FD7-91E7-AD9FCE656060}.Debug|Any CPU.Build.0 = Debug|Any CPU
		{3B1C9C01-3C63-4FD7-91E7-AD9FCE656060}.Release|Any CPU.ActiveCfg = Release|Any CPU
		{3B1C9C01-3C63-4FD7-91E7-AD9FCE656060}.Release|Any CPU.Build.0 = Release|Any CPU
	EndGlobalSection
	GlobalSection(SolutionProperties) = preSolution
		HideSolutionNode = FALSE
	EndGlobalSection
EndGlobal
